
Microsoft Visual Studio Solution File, Format Version 12.00
# Visual Studio Version 17
VisualStudioVersion = 17.8.34525.116
MinimumVisualStudioVersion = 10.0.40219.1
Project("{9A19103F-16F7-4668-BE54-9A1E7A4F7556}") = "GourmetGame", "GourmetGame\GourmetGame.csproj", "{C5026697-48BE-4FDB-8790-BBAAA16BE205}"
EndProject
Project("{9A19103F-16F7-4668-BE54-9A1E7A4F7556}") = "GourmetGame.Domain", "GourmetGame.Domain\GourmetGame.Domain.csproj", "{13A3E190-0522-483A-8B4D-C9D0D3F881EA}"
EndProject
Project("{9A19103F-16F7-4668-BE54-9A1E7A4F7556}") = "GourmetGame.Controllers", "GourmetGame.Controllers\GourmetGame.Controllers.csproj", "{07CE3422-26E0-4046-A165-43C8EBE00DBC}"
EndProject
Project("{9A19103F-16F7-4668-BE54-9A1E7A4F7556}") = "Domain", "Domain\Domain.csproj", "{35662ACB-86BC-49D6-AA77-5D1EAA1EDE6A}"
EndProject
Global
	GlobalSection(SolutionConfigurationPlatforms) = preSolution
		Debug|Any CPU = Debug|Any CPU
		Release|Any CPU = Release|Any CPU
	EndGlobalSection
	GlobalSection(ProjectConfigurationPlatforms) = postSolution
		{C5026697-48BE-4FDB-8790-BBAAA16BE205}.Debug|Any CPU.ActiveCfg = Debug|Any CPU
		{C5026697-48BE-4FDB-8790-BBAAA16BE205}.Debug|Any CPU.Build.0 = Debug|Any CPU
		{C5026697-48BE-4FDB-8790-BBAAA16BE205}.Release|Any CPU.ActiveCfg = Release|Any CPU
		{C5026697-48BE-4FDB-8790-BBAAA16BE205}.Release|Any CPU.Build.0 = Release|Any CPU
		{13A3E190-0522-483A-8B4D-C9D0D3F881EA}.Debug|Any CPU.ActiveCfg = Debug|Any CPU
		{13A3E190-0522-483A-8B4D-C9D0D3F881EA}.Debug|Any CPU.Build.0 = Debug|Any CPU
		{13A3E190-0522-483A-8B4D-C9D0D3F881EA}.Release|Any CPU.ActiveCfg = Release|Any CPU
		{13A3E190-0522-483A-8B4D-C9D0D3F881EA}.Release|Any CPU.Build.0 = Release|Any CPU
		{07CE3422-26E0-4046-A165-43C8EBE00DBC}.Debug|Any CPU.ActiveCfg = Debug|Any CPU
		{07CE3422-26E0-4046-A165-43C8EBE00DBC}.Debug|Any CPU.Build.0 = Debug|Any CPU
		{07CE3422-26E0-4046-A165-43C8EBE00DBC}.Release|Any CPU.ActiveCfg = Release|Any CPU
		{07CE3422-26E0-4046-A165-43C8EBE00DBC}.Release|Any CPU.Build.0 = Release|Any CPU
		{35662ACB-86BC-49D6-AA77-5D1EAA1EDE6A}.Debug|Any CPU.ActiveCfg = Debug|Any CPU
		{35662ACB-86BC-49D6-AA77-5D1EAA1EDE6A}.Debug|Any CPU.Build.0 = Debug|Any CPU
		{35662ACB-86BC-49D6-AA77-5D1EAA1EDE6A}.Release|Any CPU.ActiveCfg = Release|Any CPU
		{35662ACB-86BC-49D6-AA77-5D1EAA1EDE6A}.Release|Any CPU.Build.0 = Release|Any CPU
	EndGlobalSection
	GlobalSection(SolutionProperties) = preSolution
		HideSolutionNode = FALSE
	EndGlobalSection
	GlobalSection(ExtensibilityGlobals) = postSolution
		SolutionGuid = {86651DEA-0130-4F3E-8547-F0B6294A2D6B}
	EndGlobalSection
EndGlobal
